{
  "nodes": {
    "fenix": {
      "inputs": {
        "nixpkgs": "nixpkgs",
        "rust-analyzer-src": "rust-analyzer-src"
      },
      "locked": {
        "lastModified": 1650781596,
        "narHash": "sha256-4P9nvrHBq6ttGOf8G903MSvI7Sv6DDceSvQrLMUdthI=",
        "owner": "nix-community",
        "repo": "fenix",
        "rev": "ee93910033cfaec7286938e89874ce4ea83aed69",
        "type": "github"
      },
      "original": {
        "owner": "nix-community",
        "repo": "fenix",
        "type": "github"
      }
    },
    "flake-utils": {
      "locked": {
        "lastModified": 1649676176,
        "narHash": "sha256-OWKJratjt2RW151VUlJPRALb7OU2S5s+f0vLj4o1bHM=",
        "owner": "numtide",
        "repo": "flake-utils",
        "rev": "a4b154ebbdc88c8498a5c7b01589addc9e9cb678",
        "type": "github"
      },
      "original": {
        "owner": "numtide",
        "repo": "flake-utils",
        "type": "github"
      }
    },
    "nixpkgs": {
      "locked": {
        "lastModified": 1650701402,
        "narHash": "sha256-XKfstdtqDg+O+gNBx1yGVKWIhLgfEDg/e2lvJSsp9vU=",
        "owner": "nixos",
        "repo": "nixpkgs",
        "rev": "bc41b01dd7a9fdffd32d9b03806798797532a5fe",
        "type": "github"
      },
      "original": {
        "owner": "nixos",
        "ref": "nixos-unstable",
        "repo": "nixpkgs",
        "type": "github"
      }
    },
    "nixpkgs_2": {
      "locked": {
        "lastModified": 1650834791,
        "narHash": "sha256-n3E+eLTZHA84Sq7V09NIYVvepyawqytsawRJjgNssHY=",
        "owner": "nixos",
        "repo": "nixpkgs",
        "rev": "c64602e6f50f89bbee59a7903cf72f9f033caa46",
        "type": "github"
      },
      "original": {
        "owner": "nixos",
        "repo": "nixpkgs",
        "type": "github"
      }
    },
    "root": {
      "inputs": {
        "fenix": "fenix",
        "flake-utils": "flake-utils",
        "nixpkgs": "nixpkgs_2"
      }
    },
    "rust-analyzer-src": {
      "flake": false,
      "locked": {
        "lastModified": 1650724655,
        "narHash": "sha256-5H+lFs1YKAQI0n4Hkz1gIAU2cxaM0ZbxLGI5G+6M4is=",
        "owner": "rust-analyzer",
        "repo": "rust-analyzer",
        "rev": "c61bb6be8c3f45c15a24a26413a665c6c8f63f5c",
        "type": "github"
      },
      "original": {
        "owner": "rust-analyzer",
        "ref": "nightly",
        "repo": "rust-analyzer",
        "type": "github"
      }
    }
  },
  "root": "root",
  "version": 7
}
